// !$*UTF8*$!
{
	archiveVersion = 1;
	classes = {
	};
	objectVersion = 56;
	objects = {

/* Begin PBXBuildFile section */
		444D04CD2D6D7B4400DB0723 /* mamba1App.swift in Sources */ = {isa = PBXBuildFile; fileRef = 444D04CC2D6D7B4400DB0723 /* mamba1App.swift */; };
		444D04CF2D6D7B4400DB0723 /* ContentView.swift in Sources */ = {isa = PBXBuildFile; fileRef = 444D04CE2D6D7B4400DB0723 /* ContentView.swift */; };
		444D04D12D6D7B4600DB0723 /* Assets.xcassets in Resources */ = {isa = PBXBuildFile; fileRef = 444D04D02D6D7B4600DB0723 /* Assets.xcassets */; };
		444D04D42D6D7B4600DB0723 /* Preview Assets.xcassets in Resources */ = {isa = PBXBuildFile; fileRef = 444D04D32D6D7B4600DB0723 /* Preview Assets.xcassets */; };
		444D04DE2D6D7B4600DB0723 /* mamba1Tests.swift in Sources */ = {isa = PBXBuildFile; fileRef = 444D04DD2D6D7B4600DB0723 /* mamba1Tests.swift */; };
		444D04E82D6D7B4600DB0723 /* mamba1UITests.swift in Sources */ = {isa = PBXBuildFile; fileRef = 444D04E72D6D7B4600DB0723 /* mamba1UITests.swift */; };
		444D04EA2D6D7B4600DB0723 /* mamba1UITestsLaunchTests.swift in Sources */ = {isa = PBXBuildFile; fileRef = 444D04E92D6D7B4600DB0723 /* mamba1UITestsLaunchTests.swift */; };
/* End PBXBuildFile section */

/* Begin PBXContainerItemProxy section */
		444D04DA2D6D7B4600DB0723 /* PBXContainerItemProxy */ = {
			isa = PBXContainerItemProxy;
			containerPortal = 444D04C12D6D7B4400DB0723 /* Project object */;
			proxyType = 1;
			remoteGlobalIDString = 444D04C82D6D7B4400DB0723;
			remoteInfo = mamba1;
		};
		444D04E42D6D7B4600DB0723 /* PBXContainerItemProxy */ = {
			isa = PBXContainerItemProxy;
			containerPortal = 444D04C12D6D7B4400DB0723 /* Project object */;
			proxyType = 1;
			remoteGlobalIDString = 444D04C82D6D7B4400DB0723;
			remoteInfo = mamba1;
		};
/* End PBXContainerItemProxy section */

/* Begin PBXFileReference section */
		444D04C92D6D7B4400DB0723 /* mamba1.app */ = {isa = PBXFileReference; explicitFileType = wrapper.application; includeInIndex = 0; path = mamba1.app; sourceTree = BUILT_PRODUCTS_DIR; };
		444D04CC2D6D7B4400DB0723 /* mamba1App.swift */ = {isa = PBXFileReference; lastKnownFileType = sourcecode.swift; path = mamba1App.swift; sourceTree = "<group>"; };
		444D04CE2D6D7B4400DB0723 /* ContentView.swift */ = {isa = PBXFileReference; lastKnownFileType = sourcecode.swift; path = ContentView.swift; sourceTree = "<group>"; };
		444D04D02D6D7B4600DB0723 /* Assets.xcassets */ = {isa = PBXFileReference; lastKnownFileType = folder.assetcatalog; path = Assets.xcassets; sourceTree = "<group>"; };
		444D04D32D6D7B4600DB0723 /* Preview Assets.xcassets */ = {isa = PBXFileReference; lastKnownFileType = folder.assetcatalog; path = "Preview Assets.xcassets"; sourceTree = "<group>"; };
		444D04D92D6D7B4600DB0723 /* mamba1Tests.xctest */ = {isa = PBXFileReference; explicitFileType = wrapper.cfbundle; includeInIndex = 0; path = mamba1Tests.xctest; sourceTree = BUILT_PRODUCTS_DIR; };
		444D04DD2D6D7B4600DB0723 /* mamba1Tests.swift */ = {isa = PBXFileReference; lastKnownFileType = sourcecode.swift; path = mamba1Tests.swift; sourceTree = "<group>"; };
		444D04E32D6D7B4600DB0723 /* mamba1UITests.xctest */ = {isa = PBXFileReference; explicitFileType = wrapper.cfbundle; includeInIndex = 0; path = mamba1UITests.xctest; sourceTree = BUILT_PRODUCTS_DIR; };
		444D04E72D6D7B4600DB0723 /* mamba1UITests.swift */ = {isa = PBXFileReference; lastKnownFileType = sourcecode.swift; path = mamba1UITests.swift; sourceTree = "<group>"; };
		444D04E92D6D7B4600DB0723 /* mamba1UITestsLaunchTests.swift */ = {isa = PBXFileReference; lastKnownFileType = sourcecode.swift; path = mamba1UITestsLaunchTests.swift; sourceTree = "<group>"; };
/* End PBXFileReference section */

/* Begin PBXFrameworksBuildPhase section */
		444D04C62D6D7B4400DB0723 /* Frameworks */ = {
			isa = PBXFrameworksBuildPhase;
			buildActionMask = 2147483647;
			files = (
			);
			runOnlyForDeploymentPostprocessing = 0;
		};
		444D04D62D6D7B4600DB0723 /* Frameworks */ = {
			isa = PBXFrameworksBuildPhase;
			buildActionMask = 2147483647;
			files = (
			);
			runOnlyForDeploymentPostprocessing = 0;
		};
		444D04E02D6D7B4600DB0723 /* Frameworks */ = {
			isa = PBXFrameworksBuildPhase;
			buildActionMask = 2147483647;
			files = (
			);
			runOnlyForDeploymentPostprocessing = 0;
		};
/* End PBXFrameworksBuildPhase section */

/* Begin PBXGroup section */
		444D04C02D6D7B4400DB0723 = {
			isa = PBXGroup;
			children = (
				444D04CB2D6D7B4400DB0723 /* mamba1 */,
				444D04DC2D6D7B4600DB0723 /* mamba1Tests */,
				444D04E62D6D7B4600DB0723 /* mamba1UITests */,
				444D04CA2D6D7B4400DB0723 /* Products */,
			);
			sourceTree = "<group>";
		};
		444D04CA2D6D7B4400DB0723 /* Products */ = {
			isa = PBXGroup;
			children = (
				444D04C92D6D7B4400DB0723 /* mamba1.app */,
				444D04D92D6D7B4600DB0723 /* mamba1Tests.xctest */,
				444D04E32D6D7B4600DB0723 /* mamba1UITests.xctest */,
			);
			name = Products;
			sourceTree = "<group>";
		};
		444D04CB2D6D7B4400DB0723 /* mamba1 */ = {
			isa = PBXGroup;
			children = (
				444D04CC2D6D7B4400DB0723 /* mamba1App.swift */,
				444D04CE2D6D7B4400DB0723 /* ContentView.swift */,
				444D04D02D6D7B4600DB0723 /* Assets.xcassets */,
				444D04D22D6D7B4600DB0723 /* Preview Content */,
			);
			path = mamba1;
			sourceTree = "<group>";
		};
		444D04D22D6D7B4600DB0723 /* Preview Content */ = {
			isa = PBXGroup;
			children = (
				444D04D32D6D7B4600DB0723 /* Preview Assets.xcassets */,
			);
			path = "Preview Content";
			sourceTree = "<group>";
		};
		444D04DC2D6D7B4600DB0723 /* mamba1Tests */ = {
			isa = PBXGroup;
			children = (
				444D04DD2D6D7B4600DB0723 /* mamba1Tests.swift */,
			);
			path = mamba1Tests;
			sourceTree = "<group>";
		};
		444D04E62D6D7B4600DB0723 /* mamba1UITests */ = {
			isa = PBXGroup;
			children = (
				444D04E72D6D7B4600DB0723 /* mamba1UITests.swift */,
				444D04E92D6D7B4600DB0723 /* mamba1UITestsLaunchTests.swift */,
			);
			path = mamba1UITests;
			sourceTree = "<group>";
		};
/* End PBXGroup section */

/* Begin PBXNativeTarget section */
		444D04C82D6D7B4400DB0723 /* mamba1 */ = {
			isa = PBXNativeTarget;
			buildConfigurationList = 444D04ED2D6D7B4600DB0723 /* Build configuration list for PBXNativeTarget "mamba1" */;
			buildPhases = (
				444D04C52D6D7B4400DB0723 /* Sources */,
				444D04C62D6D7B4400DB0723 /* Frameworks */,
				444D04C72D6D7B4400DB0723 /* Resources */,
			);
			buildRules = (
			);
			dependencies = (
			);
			name = mamba1;
			productName = mamba1;
			productReference = 444D04C92D6D7B4400DB0723 /* mamba1.app */;
			productType = "com.apple.product-type.application";
		};
		444D04D82D6D7B4600DB0723 /* mamba1Tests */ = {
			isa = PBXNativeTarget;
			buildConfigurationList = 444D04F02D6D7B4600DB0723 /* Build configuration list for PBXNativeTarget "mamba1Tests" */;
			buildPhases = (
				444D04D52D6D7B4600DB0723 /* Sources */,
				444D04D62D6D7B4600DB0723 /* Frameworks */,
				444D04D72D6D7B4600DB0723 /* Resources */,
			);
			buildRules = (
			);
			dependencies = (
				444D04DB2D6D7B4600DB0723 /* PBXTargetDependency */,
			);
			name = mamba1Tests;
			productName = mamba1Tests;
			productReference = 444D04D92D6D7B4600DB0723 /* mamba1Tests.xctest */;
			productType = "com.apple.product-type.bundle.unit-test";
		};
		444D04E22D6D7B4600DB0723 /* mamba1UITests */ = {
			isa = PBXNativeTarget;
			buildConfigurationList = 444D04F32D6D7B4600DB0723 /* Build configuration list for PBXNativeTarget "mamba1UITests" */;
			buildPhases = (
				444D04DF2D6D7B4600DB0723 /* Sources */,
				444D04E02D6D7B4600DB0723 /* Frameworks */,
				444D04E12D6D7B4600DB0723 /* Resources */,
			);
			buildRules = (
			);
			dependencies = (
				444D04E52D6D7B4600DB0723 /* PBXTargetDependency */,
			);
			name = mamba1UITests;
			productName = mamba1UITests;
			productReference = 444D04E32D6D7B4600DB0723 /* mamba1UITests.xctest */;
			productType = "com.apple.product-type.bundle.ui-testing";
		};
/* End PBXNativeTarget section */

/* Begin PBXProject section */
		444D04C12D6D7B4400DB0723 /* Project object */ = {
			isa = PBXProject;
			attributes = {
				BuildIndependentTargetsInParallel = 1;
				LastSwiftUpdateCheck = 1510;
				LastUpgradeCheck = 1510;
				TargetAttributes = {
					444D04C82D6D7B4400DB0723 = {
						CreatedOnToolsVersion = 15.1;
					};
					444D04D82D6D7B4600DB0723 = {
						CreatedOnToolsVersion = 15.1;
						TestTargetID = 444D04C82D6D7B4400DB0723;
					};
					444D04E22D6D7B4600DB0723 = {
						CreatedOnToolsVersion = 15.1;
						TestTargetID = 444D04C82D6D7B4400DB0723;
					};
				};
			};
			buildConfigurationList = 444D04C42D6D7B4400DB0723 /* Build configuration list for PBXProject "mamba1" */;
			compatibilityVersion = "Xcode 14.0";
			developmentRegion = en;
			hasScannedForEncodings = 0;
			knownRegions = (
				en,
				Base,
			);
			mainGroup = 444D04C02D6D7B4400DB0723;
			productRefGroup = 444D04CA2D6D7B4400DB0723 /* Products */;
			projectDirPath = "";
			projectRoot = "";
			targets = (
				444D04C82D6D7B4400DB0723 /* mamba1 */,
				444D04D82D6D7B4600DB0723 /* mamba1Tests */,
				444D04E22D6D7B4600DB0723 /* mamba1UITests */,
			);
		};
/* End PBXProject section */

/* Begin PBXResourcesBuildPhase section */
		444D04C72D6D7B4400DB0723 /* Resources */ = {
			isa = PBXResourcesBuildPhase;
			buildActionMask = 2147483647;
			files = (
				444D04D42D6D7B4600DB0723 /* Preview Assets.xcassets in Resources */,
				444D04D12D6D7B4600DB0723 /* Assets.xcassets in Resources */,
			);
			runOnlyForDeploymentPostprocessing = 0;
		};
		444D04D72D6D7B4600DB0723 /* Resources */ = {
			isa = PBXResourcesBuildPhase;
			buildActionMask = 2147483647;
			files = (
			);
			runOnlyForDeploymentPostprocessing = 0;
		};
		444D04E12D6D7B4600DB0723 /* Resources */ = {
			isa = PBXResourcesBuildPhase;
			buildActionMask = 2147483647;
			files = (
			);
			runOnlyForDeploymentPostprocessing = 0;
		};
/* End PBXResourcesBuildPhase section */

/* Begin PBXSourcesBuildPhase section */
		444D04C52D6D7B4400DB0723 /* Sources */ = {
			isa = PBXSourcesBuildPhase;
			buildActionMask = 2147483647;
			files = (
				444D04CF2D6D7B4400DB0723 /* ContentView.swift in Sources */,
				444D04CD2D6D7B4400DB0723 /* mamba1App.swift in Sources */,
			);
			runOnlyForDeploymentPostprocessing = 0;
		};
		444D04D52D6D7B4600DB0723 /* Sources */ = {
			isa = PBXSourcesBuildPhase;
			buildActionMask = 2147483647;
			files = (
				444D04DE2D6D7B4600DB0723 /* mamba1Tests.swift in Sources */,
			);
			runOnlyForDeploymentPostprocessing = 0;
		};
		444D04DF2D6D7B4600DB0723 /* Sources */ = {
			isa = PBXSourcesBuildPhase;
			buildActionMask = 2147483647;
			files = (
				444D04E82D6D7B4600DB0723 /* mamba1UITests.swift in Sources */,
				444D04EA2D6D7B4600DB0723 /* mamba1UITestsLaunchTests.swift in Sources */,
			);
			runOnlyForDeploymentPostprocessing = 0;
		};
/* End PBXSourcesBuildPhase section */

/* Begin PBXTargetDependency section */
		444D04DB2D6D7B4600DB0723 /* PBXTargetDependency */ = {
			isa = PBXTargetDependency;
			target = 444D04C82D6D7B4400DB0723 /* mamba1 */;
			targetProxy = 444D04DA2D6D7B4600DB0723 /* PBXContainerItemProxy */;
		};
		444D04E52D6D7B4600DB0723 /* PBXTargetDependency */ = {
			isa = PBXTargetDependency;
			target = 444D04C82D6D7B4400DB0723 /* mamba1 */;
			targetProxy = 444D04E42D6D7B4600DB0723 /* PBXContainerItemProxy */;
		};
/* End PBXTargetDependency section */

/* Begin XCBuildConfiguration section */
		444D04EB2D6D7B4600DB0723 /* Debug */ = {
			isa = XCBuildConfiguration;
			buildSettings = {
				ALWAYS_SEARCH_USER_PATHS = NO;
				ASSETCATALOG_COMPILER_GENERATE_SWIFT_ASSET_SYMBOL_EXTENSIONS = YES;
				CLANG_ANALYZER_NONNULL = YES;
				CLANG_ANALYZER_NUMBER_OBJECT_CONVERSION = YES_AGGRESSIVE;
				CLANG_CXX_LANGUAGE_STANDARD = "gnu++20";
				CLANG_ENABLE_MODULES = YES;
				CLANG_ENABLE_OBJC_ARC = YES;
				CLANG_ENABLE_OBJC_WEAK = YES;
				CLANG_WARN_BLOCK_CAPTURE_AUTORELEASING = YES;
				CLANG_WARN_BOOL_CONVERSION = YES;
				CLANG_WARN_COMMA = YES;
				CLANG_WARN_CONSTANT_CONVERSION = YES;
				CLANG_WARN_DEPRECATED_OBJC_IMPLEMENTATIONS = YES;
				CLANG_WARN_DIRECT_OBJC_ISA_USAGE = YES_ERROR;
				CLANG_WARN_DOCUMENTATION_COMMENTS = YES;
				CLANG_WARN_EMPTY_BODY = YES;
				CLANG_WARN_ENUM_CONVERSION = YES;
				CLANG_WARN_INFINITE_RECURSION = YES;
				CLANG_WARN_INT_CONVERSION = YES;
				CLANG_WARN_NON_LITERAL_NULL_CONVERSION = YES;
				CLANG_WARN_OBJC_IMPLICIT_RETAIN_SELF = YES;
				CLANG_WARN_OBJC_LITERAL_CONVERSION = YES;
				CLANG_WARN_OBJC_ROOT_CLASS = YES_ERROR;
				CLANG_WARN_QUOTED_INCLUDE_IN_FRAMEWORK_HEADER = YES;
				CLANG_WARN_RANGE_LOOP_ANALYSIS = YES;
				CLANG_WARN_STRICT_PROTOTYPES = YES;
				CLANG_WARN_SUSPICIOUS_MOVE = YES;
				CLANG_WARN_UNGUARDED_AVAILABILITY = YES_AGGRESSIVE;
				CLANG_WARN_UNREACHABLE_CODE = YES;
				CLANG_WARN__DUPLICATE_METHOD_MATCH = YES;
				COPY_PHASE_STRIP = NO;
				DEBUG_INFORMATION_FORMAT = dwarf;
				ENABLE_STRICT_OBJC_MSGSEND = YES;
				ENABLE_TESTABILITY = YES;
				ENABLE_USER_SCRIPT_SANDBOXING = YES;
				GCC_C_LANGUAGE_STANDARD = gnu17;
				GCC_DYNAMIC_NO_PIC = NO;
				GCC_NO_COMMON_BLOCKS = YES;
				GCC_OPTIMIZATION_LEVEL = 0;
				GCC_PREPROCESSOR_DEFINITIONS = (
					"DEBUG=1",
					"$(inherited)",
				);
				GCC_WARN_64_TO_32_BIT_CONVERSION = YES;
				GCC_WARN_ABOUT_RETURN_TYPE = YES_ERROR;
				GCC_WARN_UNDECLARED_SELECTOR = YES;
				GCC_WARN_UNINITIALIZED_AUTOS = YES_AGGRESSIVE;
				GCC_WARN_UNUSED_FUNCTION = YES;
				GCC_WARN_UNUSED_VARIABLE = YES;
				IPHONEOS_DEPLOYMENT_TARGET = 17.2;
				LOCALIZATION_PREFERS_STRING_CATALOGS = YES;
				MTL_ENABLE_DEBUG_INFO = INCLUDE_SOURCE;
				MTL_FAST_MATH = YES;
				ONLY_ACTIVE_ARCH = YES;
				SDKROOT = iphoneos;
				SWIFT_ACTIVE_COMPILATION_CONDITIONS = "DEBUG $(inherited)";
				SWIFT_OPTIMIZATION_LEVEL = "-Onone";
			};
			name = Debug;
		};
		444D04EC2D6D7B4600DB0723 /* Release */ = {
			isa = XCBuildConfiguration;
			buildSettings = {
				ALWAYS_SEARCH_USER_PATHS = NO;
				ASSETCATALOG_COMPILER_GENERATE_SWIFT_ASSET_SYMBOL_EXTENSIONS = YES;
				CLANG_ANALYZER_NONNULL = YES;
				CLANG_ANALYZER_NUMBER_OBJECT_CONVERSION = YES_AGGRESSIVE;
				CLANG_CXX_LANGUAGE_STANDARD = "gnu++20";
				CLANG_ENABLE_MODULES = YES;
				CLANG_ENABLE_OBJC_ARC = YES;
				CLANG_ENABLE_OBJC_WEAK = YES;
				CLANG_WARN_BLOCK_CAPTURE_AUTORELEASING = YES;
				CLANG_WARN_BOOL_CONVERSION = YES;
				CLANG_WARN_COMMA = YES;
				CLANG_WARN_CONSTANT_CONVERSION = YES;
				CLANG_WARN_DEPRECATED_OBJC_IMPLEMENTATIONS = YES;
				CLANG_WARN_DIRECT_OBJC_ISA_USAGE = YES_ERROR;
				CLANG_WARN_DOCUMENTATION_COMMENTS = YES;
				CLANG_WARN_EMPTY_BODY = YES;
				CLANG_WARN_ENUM_CONVERSION = YES;
				CLANG_WARN_INFINITE_RECURSION = YES;
				CLANG_WARN_INT_CONVERSION = YES;
				CLANG_WARN_NON_LITERAL_NULL_CONVERSION = YES;
				CLANG_WARN_OBJC_IMPLICIT_RETAIN_SELF = YES;
				CLANG_WARN_OBJC_LITERAL_CONVERSION = YES;
				CLANG_WARN_OBJC_ROOT_CLASS = YES_ERROR;
				CLANG_WARN_QUOTED_INCLUDE_IN_FRAMEWORK_HEADER = YES;
				CLANG_WARN_RANGE_LOOP_ANALYSIS = YES;
				CLANG_WARN_STRICT_PROTOTYPES = YES;
				CLANG_WARN_SUSPICIOUS_MOVE = YES;
				CLANG_WARN_UNGUARDED_AVAILABILITY = YES_AGGRESSIVE;
				CLANG_WARN_UNREACHABLE_CODE = YES;
				CLANG_WARN__DUPLICATE_METHOD_MATCH = YES;
				COPY_PHASE_STRIP = NO;
				DEBUG_INFORMATION_FORMAT = "dwarf-with-dsym";
				ENABLE_NS_ASSERTIONS = NO;
				ENABLE_STRICT_OBJC_MSGSEND = YES;
				ENABLE_USER_SCRIPT_SANDBOXING = YES;
				GCC_C_LANGUAGE_STANDARD = gnu17;
				GCC_NO_COMMON_BLOCKS = YES;
				GCC_WARN_64_TO_32_BIT_CONVERSION = YES;
				GCC_WARN_ABOUT_RETURN_TYPE = YES_ERROR;
				GCC_WARN_UNDECLARED_SELECTOR = YES;
				GCC_WARN_UNINITIALIZED_AUTOS = YES_AGGRESSIVE;
				GCC_WARN_UNUSED_FUNCTION = YES;
				GCC_WARN_UNUSED_VARIABLE = YES;
				IPHONEOS_DEPLOYMENT_TARGET = 17.2;
				LOCALIZATION_PREFERS_STRING_CATALOGS = YES;
				MTL_ENABLE_DEBUG_INFO = NO;
				MTL_FAST_MATH = YES;
				SDKROOT = iphoneos;
				SWIFT_COMPILATION_MODE = wholemodule;
				VALIDATE_PRODUCT = YES;
			};
			name = Release;
		};
		444D04EE2D6D7B4600DB0723 /* Debug */ = {
			isa = XCBuildConfiguration;
			buildSettings = {
				ASSETCATALOG_COMPILER_APPICON_NAME = AppIcon;
				ASSETCATALOG_COMPILER_GLOBAL_ACCENT_COLOR_NAME = AccentColor;
				CODE_SIGN_STYLE = Automatic;
				CURRENT_PROJECT_VERSION = 1;
				DEVELOPMENT_ASSET_PATHS = "\"mamba1/Preview Content\"";
				ENABLE_PREVIEWS = YES;
				GENERATE_INFOPLIST_FILE = YES;
				INFOPLIST_KEY_UIApplicationSceneManifest_Generation = YES;
				INFOPLIST_KEY_UIApplicationSupportsIndirectInputEvents = YES;
				INFOPLIST_KEY_UILaunchScreen_Generation = YES;
				INFOPLIST_KEY_UISupportedInterfaceOrientations_iPad = "UIInterfaceOrientationPortrait UIInterfaceOrientationPortraitUpsideDown UIInterfaceOrientationLandscapeLeft UIInterfaceOrientationLandscapeRight";
				INFOPLIST_KEY_UISupportedInterfaceOrientations_iPhone = "UIInterfaceOrientationPortrait UIInterfaceOrientationLandscapeLeft UIInterfaceOrientationLandscapeRight";
				LD_RUNPATH_SEARCH_PATHS = (
					"$(inherited)",
					"@executable_path/Frameworks",
				);
				MARKETING_VERSION = 1.0;
				PRODUCT_BUNDLE_IDENTIFIER = vv1150n.mamba1;
				PRODUCT_NAME = "$(TARGET_NAME)";
				SWIFT_EMIT_LOC_STRINGS = YES;
				SWIFT_VERSION = 5.0;
				TARGETED_DEVICE_FAMILY = "1,2";
			};
			name = Debug;
		};
		444D04EF2D6D7B4600DB0723 /* Release */ = {
			isa = XCBuildConfiguration;
			buildSettings = {
				ASSETCATALOG_COMPILER_APPICON_NAME = AppIcon;
				ASSETCATALOG_COMPILER_GLOBAL_ACCENT_COLOR_NAME = AccentColor;
				CODE_SIGN_STYLE = Automatic;
				CURRENT_PROJECT_VERSION = 1;
				DEVELOPMENT_ASSET_PATHS = "\"mamba1/Preview Content\"";
				ENABLE_PREVIEWS = YES;
				GENERATE_INFOPLIST_FILE = YES;
				INFOPLIST_KEY_UIApplicationSceneManifest_Generation = YES;
				INFOPLIST_KEY_UIApplicationSupportsIndirectInputEvents = YES;
				INFOPLIST_KEY_UILaunchScreen_Generation = YES;
				INFOPLIST_KEY_UISupportedInterfaceOrientations_iPad = "UIInterfaceOrientationPortrait UIInterfaceOrientationPortraitUpsideDown UIInterfaceOrientationLandscapeLeft UIInterfaceOrientationLandscapeRight";
				INFOPLIST_KEY_UISupportedInterfaceOrientations_iPhone = "UIInterfaceOrientationPortrait UIInterfaceOrientationLandscapeLeft UIInterfaceOrientationLandscapeRight";
				LD_RUNPATH_SEARCH_PATHS = (
					"$(inherited)",
					"@executable_path/Frameworks",
				);
				MARKETING_VERSION = 1.0;
				PRODUCT_BUNDLE_IDENTIFIER = vv1150n.mamba1;
				PRODUCT_NAME = "$(TARGET_NAME)";
				SWIFT_EMIT_LOC_STRINGS = YES;
				SWIFT_VERSION = 5.0;
				TARGETED_DEVICE_FAMILY = "1,2";
			};
			name = Release;
		};
		444D04F12D6D7B4600DB0723 /* Debug */ = {
			isa = XCBuildConfiguration;
			buildSettings = {
				ALWAYS_EMBED_SWIFT_STANDARD_LIBRARIES = YES;
				BUNDLE_LOADER = "$(TEST_HOST)";
				CODE_SIGN_STYLE = Automatic;
				CURRENT_PROJECT_VERSION = 1;
				GENERATE_INFOPLIST_FILE = YES;
				IPHONEOS_DEPLOYMENT_TARGET = 17.2;
				MARKETING_VERSION = 1.0;
				PRODUCT_BUNDLE_IDENTIFIER = vv1150n.mamba1Tests;
				PRODUCT_NAME = "$(TARGET_NAME)";
				SWIFT_EMIT_LOC_STRINGS = NO;
				SWIFT_VERSION = 5.0;
				TARGETED_DEVICE_FAMILY = "1,2";
				TEST_HOST = "$(BUILT_PRODUCTS_DIR)/mamba1.app/$(BUNDLE_EXECUTABLE_FOLDER_PATH)/mamba1";
			};
			name = Debug;
		};
		444D04F22D6D7B4600DB0723 /* Release */ = {
			isa = XCBuildConfiguration;
			buildSettings = {
				ALWAYS_EMBED_SWIFT_STANDARD_LIBRARIES = YES;
				BUNDLE_LOADER = "$(TEST_HOST)";
				CODE_SIGN_STYLE = Automatic;
				CURRENT_PROJECT_VERSION = 1;
				GENERATE_INFOPLIST_FILE = YES;
				IPHONEOS_DEPLOYMENT_TARGET = 17.2;
				MARKETING_VERSION = 1.0;
				PRODUCT_BUNDLE_IDENTIFIER = vv1150n.mamba1Tests;
				PRODUCT_NAME = "$(TARGET_NAME)";
				SWIFT_EMIT_LOC_STRINGS = NO;
				SWIFT_VERSION = 5.0;
				TARGETED_DEVICE_FAMILY = "1,2";
				TEST_HOST = "$(BUILT_PRODUCTS_DIR)/mamba1.app/$(BUNDLE_EXECUTABLE_FOLDER_PATH)/mamba1";
			};
			name = Release;
		};
		444D04F42D6D7B4600DB0723 /* Debug */ = {
			isa = XCBuildConfiguration;
			buildSettings = {
				ALWAYS_EMBED_SWIFT_STANDARD_LIBRARIES = YES;
				CODE_SIGN_STYLE = Automatic;
				CURRENT_PROJECT_VERSION = 1;
				GENERATE_INFOPLIST_FILE = YES;
				MARKETING_VERSION = 1.0;
				PRODUCT_BUNDLE_IDENTIFIER = vv1150n.mamba1UITests;
				PRODUCT_NAME = "$(TARGET_NAME)";
				SWIFT_EMIT_LOC_STRINGS = NO;
				SWIFT_VERSION = 5.0;
				TARGETED_DEVICE_FAMILY = "1,2";
				TEST_TARGET_NAME = mamba1;
			};
			name = Debug;
		};
		444D04F52D6D7B4600DB0723 /* Release */ = {
			isa = XCBuildConfiguration;
			buildSettings = {
				ALWAYS_EMBED_SWIFT_STANDARD_LIBRARIES = YES;
				CODE_SIGN_STYLE = Automatic;
				CURRENT_PROJECT_VERSION = 1;
				GENERATE_INFOPLIST_FILE = YES;
				MARKETING_VERSION = 1.0;
				PRODUCT_BUNDLE_IDENTIFIER = vv1150n.mamba1UITests;
				PRODUCT_NAME = "$(TARGET_NAME)";
				SWIFT_EMIT_LOC_STRINGS = NO;
				SWIFT_VERSION = 5.0;
				TARGETED_DEVICE_FAMILY = "1,2";
				TEST_TARGET_NAME = mamba1;
			};
			name = Release;
		};
/* End XCBuildConfiguration section */

/* Begin XCConfigurationList section */
		444D04C42D6D7B4400DB0723 /* Build configuration list for PBXProject "mamba1" */ = {
			isa = XCConfigurationList;
			buildConfigurations = (
				444D04EB2D6D7B4600DB0723 /* Debug */,
				444D04EC2D6D7B4600DB0723 /* Release */,
			);
			defaultConfigurationIsVisible = 0;
			defaultConfigurationName = Release;
		};
		444D04ED2D6D7B4600DB0723 /* Build configuration list for PBXNativeTarget "mamba1" */ = {
			isa = XCConfigurationList;
			buildConfigurations = (
				444D04EE2D6D7B4600DB0723 /* Debug */,
				444D04EF2D6D7B4600DB0723 /* Release */,
			);
			defaultConfigurationIsVisible = 0;
			defaultConfigurationName = Release;
		};
		444D04F02D6D7B4600DB0723 /* Build configuration list for PBXNativeTarget "mamba1Tests" */ = {
			isa = XCConfigurationList;
			buildConfigurations = (
				444D04F12D6D7B4600DB0723 /* Debug */,
				444D04F22D6D7B4600DB0723 /* Release */,
			);
			defaultConfigurationIsVisible = 0;
			defaultConfigurationName = Release;
		};
		444D04F32D6D7B4600DB0723 /* Build configuration list for PBXNativeTarget "mamba1UITests" */ = {
			isa = XCConfigurationList;
			buildConfigurations = (
				444D04F42D6D7B4600DB0723 /* Debug */,
				444D04F52D6D7B4600DB0723 /* Release */,
			);
			defaultConfigurationIsVisible = 0;
			defaultConfigurationName = Release;
		};
/* End XCConfigurationList section */
	};
	rootObject = 444D04C12D6D7B4400DB0723 /* Project object */;
}
